
Microsoft Visual Studio Solution File, Format Version 12.00
# Visual Studio Version 16
VisualStudioVersion = 16.0.30523.141
MinimumVisualStudioVersion = 10.0.40219.1
Project("{9A19103F-16F7-4668-BE54-9A1E7A4F7556}") = "CodeGenerator", "CodeGenerator\CodeGenerator.csproj", "{6A96D983-E5E9-4268-8D2E-A34895CFF21B}"
EndProject
Project("{FAE04EC0-301F-11D3-BF4B-00C04F79EFBC}") = "GeneratorTest", "GeneratorTest\GeneratorTest.csproj", "{3F59EBD4-12FF-4906-8751-B86146EE9241}"
EndProject
Global
	GlobalSection(SolutionConfigurationPlatforms) = preSolution
		Debug|Any CPU = Debug|Any CPU
		Release|Any CPU = Release|Any CPU
	EndGlobalSection
	GlobalSection(ProjectConfigurationPlatforms) = postSolution
		{6A96D983-E5E9-4268-8D2E-A34895CFF21B}.Debug|Any CPU.ActiveCfg = Debug|Any CPU
		{6A96D983-E5E9-4268-8D2E-A34895CFF21B}.Debug|Any CPU.Build.0 = Debug|Any CPU
		{6A96D983-E5E9-4268-8D2E-A34895CFF21B}.Release|Any CPU.ActiveCfg = Release|Any CPU
		{6A96D983-E5E9-4268-8D2E-A34895CFF21B}.Release|Any CPU.Build.0 = Release|Any CPU
		{3F59EBD4-12FF-4906-8751-B86146EE9241}.Debug|Any CPU.ActiveCfg = Debug|Any CPU
		{3F59EBD4-12FF-4906-8751-B86146EE9241}.Debug|Any CPU.Build.0 = Debug|Any CPU
		{3F59EBD4-12FF-4906-8751-B86146EE9241}.Release|Any CPU.ActiveCfg = Release|Any CPU
		{3F59EBD4-12FF-4906-8751-B86146EE9241}.Release|Any CPU.Build.0 = Release|Any CPU
	EndGlobalSection
	GlobalSection(SolutionProperties) = preSolution
		HideSolutionNode = FALSE
	EndGlobalSection
	GlobalSection(ExtensibilityGlobals) = postSolution
		SolutionGuid = {5BE6F4ED-0E05-48D0-B6D8-54B662FE1747}
	EndGlobalSection
EndGlobal
